
Microsoft Visual Studio Solution File, Format Version 12.00
# Visual Studio Version 17
VisualStudioVersion = 17.1.32228.430
MinimumVisualStudioVersion = 10.0.40219.1
Project("{FAE04EC0-301F-11D3-BF4B-00C04F79EFBC}") = "HotelListing.API", "HotelListing.API\HotelListing.API.csproj", "{AD50B3D4-FC32-47EB-8140-B06F1CF84B73}"
EndProject
Global
	GlobalSection(SolutionConfigurationPlatforms) = preSolution
		Debug|Any CPU = Debug|Any CPU
		Release|Any CPU = Release|Any CPU
	EndGlobalSection
	GlobalSection(ProjectConfigurationPlatforms) = postSolution
		{AD50B3D4-FC32-47EB-8140-B06F1CF84B73}.Debug|Any CPU.ActiveCfg = Debug|Any CPU
		{AD50B3D4-FC32-47EB-8140-B06F1CF84B73}.Debug|Any CPU.Build.0 = Debug|Any CPU
		{AD50B3D4-FC32-47EB-8140-B06F1CF84B73}.Release|Any CPU.ActiveCfg = Release|Any CPU
		{AD50B3D4-FC32-47EB-8140-B06F1CF84B73}.Release|Any CPU.Build.0 = Release|Any CPU
	EndGlobalSection
	GlobalSection(SolutionProperties) = preSolution
		HideSolutionNode = FALSE
	EndGlobalSection
	GlobalSection(ExtensibilityGlobals) = postSolution
		SolutionGuid = {C3D31684-8D5A-4B00-B62C-7AF8BD056811}
	EndGlobalSection
EndGlobal
